# This file is generated by running "yarn install" inside your project.
# Manual changes might be lost - proceed with caution!

__metadata:
  version: 6
  cacheKey: 8

"@bracketed/typescript-config@npm:latest":
  version: 4.4.0
  resolution: "@bracketed/typescript-config@npm:4.4.0"
  checksum: 460381e7511de52b28bda9e0cd67885bc3cd3f6f4e26dd4ed965877eab01ad1317e9ef3dd56944a49ff1550a9f534ba6dc30c97b6688c754d47f20a0cfe5795a
  languageName: node
  linkType: hard

"@discordjs/builders@npm:^1.6.3":
  version: 1.6.3
  resolution: "@discordjs/builders@npm:1.6.3"
  dependencies:
    "@discordjs/formatters": ^0.3.1
    "@discordjs/util": ^0.3.1
    "@sapphire/shapeshift": ^3.8.2
    discord-api-types: ^0.37.41
    fast-deep-equal: ^3.1.3
    ts-mixer: ^6.0.3
    tslib: ^2.5.0
  checksum: 6a0c07fb910d8a6701f58f51f9f85a486c1f608bb7b81656581591b57eb54680db0a7715ac25b4659c115231bfd8c4ff706cc4ccffb4da308ad24233dc6524b3
  languageName: node
  linkType: hard

"@discordjs/builders@npm:^1.7.0":
  version: 1.7.0
  resolution: "@discordjs/builders@npm:1.7.0"
  dependencies:
    "@discordjs/formatters": ^0.3.3
    "@discordjs/util": ^1.0.2
    "@sapphire/shapeshift": ^3.9.3
    discord-api-types: 0.37.61
    fast-deep-equal: ^3.1.3
    ts-mixer: ^6.0.3
    tslib: ^2.6.2
  checksum: 837e7643fc8396e4914bbbfbbfa1232ab7109c931884e8df45cd7356944633590f710a18513d30a10de1b6686ed5166df702bde0c4511fb0cbcac897edd9e56a
  languageName: node
  linkType: hard

"@discordjs/collection@npm:1.5.3":
  version: 1.5.3
  resolution: "@discordjs/collection@npm:1.5.3"
  checksum: fefed19bea0f69053d195f9d9dc8af07ca5d8c9b1064581e0aa14bda2b70e632b93c164d5ef3e4910f5442369612ff4eec8d52a700aec562510c19b223f67023
  languageName: node
  linkType: hard

"@discordjs/collection@npm:^1.5.1":
  version: 1.5.1
  resolution: "@discordjs/collection@npm:1.5.1"
  checksum: 98cc9cff3c7e6f919097b7ffc96f0a13eba2a90265d187b4db5f8cc09b550efd3d9fc952a21d92a08baf7d9e06d0bfa0467e8d0dbccb2d2f8eb0ee124b8b38d4
  languageName: node
  linkType: hard

"@discordjs/collection@npm:^2.0.0":
  version: 2.0.0
  resolution: "@discordjs/collection@npm:2.0.0"
  checksum: c2d05fa2b9a27bb64e93e2836bbe44c835d21f85e28cd934f6e2a81fef423ab0415968cca9d066b83347539edc8ea9afa8075d80bd62594e39f09eb881052c49
  languageName: node
  linkType: hard

"@discordjs/formatters@npm:^0.3.1":
  version: 0.3.1
  resolution: "@discordjs/formatters@npm:0.3.1"
  dependencies:
    discord-api-types: ^0.37.41
  checksum: 96355687853a203b280484419cd96a79b79b4b98f0469ec15be073862fb340cbd60ca2ea68f3d4684e17ff0e8c5f04ddcc6dd88188808e01fcbe0e3eea052d6d
  languageName: node
  linkType: hard

"@discordjs/formatters@npm:^0.3.3":
  version: 0.3.3
  resolution: "@discordjs/formatters@npm:0.3.3"
  dependencies:
    discord-api-types: 0.37.61
  checksum: a844628094a6effa8ac4e4a4ea9082d5c89e6cae6bbd18e60abd410769e5ea18f64aa2db8623aa3c8c572084368f6c2e27cc2d72af640aff5e4ee7fc42132c60
  languageName: node
  linkType: hard

"@discordjs/rest@npm:^2.1.0":
  version: 2.2.0
  resolution: "@discordjs/rest@npm:2.2.0"
  dependencies:
    "@discordjs/collection": ^2.0.0
    "@discordjs/util": ^1.0.2
    "@sapphire/async-queue": ^1.5.0
    "@sapphire/snowflake": ^3.5.1
    "@vladfrangu/async_event_emitter": ^2.2.2
    discord-api-types: 0.37.61
    magic-bytes.js: ^1.5.0
    tslib: ^2.6.2
    undici: 5.27.2
  checksum: 29a14ecf3282ae3306883f1f6c870693d0ecacd080c5b66a72e31487a8070655807a80a8bf09bebea4f73e631439abc5121dfa38016ca0ccbe3f68c0f7ffc80e
  languageName: node
  linkType: hard

"@discordjs/util@npm:^0.3.1":
  version: 0.3.1
  resolution: "@discordjs/util@npm:0.3.1"
  checksum: afd53427bc25c84e05cd34d6daf355cab14629a5f340d33528ea18d3a1177e777584bc5847cfcb7711c7387252c34917d749a0b1a91a99d2ce572878208212df
  languageName: node
  linkType: hard

"@discordjs/util@npm:^1.0.2":
  version: 1.0.2
  resolution: "@discordjs/util@npm:1.0.2"
  checksum: 320d7e125981001160d413ae56e76e60447dce102010b80e3b1b16d885be765df5ae2551aa79fdc4d435a82361ed72246b44251f0c1f7a8fef7056a4481d5609
  languageName: node
  linkType: hard

"@discordjs/ws@npm:^1.0.2":
  version: 1.0.2
  resolution: "@discordjs/ws@npm:1.0.2"
  dependencies:
    "@discordjs/collection": ^2.0.0
    "@discordjs/rest": ^2.1.0
    "@discordjs/util": ^1.0.2
    "@sapphire/async-queue": ^1.5.0
    "@types/ws": ^8.5.9
    "@vladfrangu/async_event_emitter": ^2.2.2
    discord-api-types: 0.37.61
    tslib: ^2.6.2
    ws: ^8.14.2
  checksum: 2564d3ff00d04d7638955c8c9a9f6234c50168fbe8243140bc458dc9ffa39ad5063e7d5762cdce71bb8bcf70b6353c28b8531e40f54568706898e92bc8748590
  languageName: node
  linkType: hard

"@fastify/busboy@npm:^2.0.0":
  version: 2.1.0
  resolution: "@fastify/busboy@npm:2.1.0"
  checksum: 3233abd10f73e50668cb4bb278a79b7b3fadd30215ac6458299b0e5a09a29c3586ec07597aae6bd93f5cbedfcef43a8aeea51829cd28fc13850cdbcd324c28d5
  languageName: node
  linkType: hard

"@favware/colorette-spinner@npm:^1.0.1":
  version: 1.0.1
  resolution: "@favware/colorette-spinner@npm:1.0.1"
  dependencies:
    colorette: "*"
  checksum: 839bfa3bd4480da4ce1c5cf34fe617769ed8c0298ceab440401d5849020d9cf95537a634c33e22f452390cd68034b818cf92c471e360cab0e68be45c954cd636
  languageName: node
  linkType: hard

"@sapphire/async-queue@npm:^1.5.0":
  version: 1.5.0
  resolution: "@sapphire/async-queue@npm:1.5.0"
  checksum: 983dbd1fd1b1798496e5edb6a0db7e4d90015160e1028f20475eab0a92625513f1e8d938bc0305811a9cec461c94e01b1e4191615ff03ba49356f568f3255250
  languageName: node
  linkType: hard

"@sapphire/cli@npm:^1.6.1":
  version: 1.6.1
  resolution: "@sapphire/cli@npm:1.6.1"
  dependencies:
    "@favware/colorette-spinner": ^1.0.1
    "@sapphire/result": ^2.6.3
    colorette: ^2.0.20
    commander: ^10.0.1
    execa: ^7.1.1
    find-up: ^5.0.0
    js-yaml: ^4.1.0
    prompts: ^2.4.2
    tslib: ^2.5.0
  bin:
    sapphire: ./dist/cli.js
  checksum: b13ef4d0a20786813ae77189cb15553a369b3033aa1eb21b5f0408d2dc45d62c8db2067d50f0b0b145a60fdf68d29c65a04c8e470d87197d4cc1e47d7ed238d9
  languageName: node
  linkType: hard

"@sapphire/decorators@npm:^6.0.1":
  version: 6.0.3
  resolution: "@sapphire/decorators@npm:6.0.3"
  dependencies:
    tslib: ^2.6.2
  checksum: b8f1022a516e29ce4fa85e40184ef00507094bf6afb1c23216dc3926e48d1ebcd401c2ac8c8f7159e1f70af1bcbd3e6e76c6ab22d92f4af5c6a7666c119fe544
  languageName: node
  linkType: hard

"@sapphire/discord-utilities@npm:^3.0.3":
  version: 3.0.3
  resolution: "@sapphire/discord-utilities@npm:3.0.3"
  dependencies:
    discord-api-types: ^0.37.41
  checksum: 37cc5f206bb5b1b19249f8aa034432e29ac123862442f42e3ec8f9e145219813cde682380530adde1138efdefbfcf3c0d04c1bf730c97dc22b853cd17908104c
  languageName: node
  linkType: hard

"@sapphire/discord.js-utilities@npm:6.0.7":
  version: 6.0.7
  resolution: "@sapphire/discord.js-utilities@npm:6.0.7"
  dependencies:
    "@sapphire/discord-utilities": ^3.0.3
    "@sapphire/duration": ^1.1.0
    "@sapphire/utilities": ^3.11.1
    tslib: ^2.5.0
  checksum: c74d41057caeb66b8c832f783d5a81bbacdefab79c47196f4bf76c4fecf38d5ad4d85b5c55298d153316153343224eb696eb800753413ad49b40a8fc206a747e
  languageName: node
  linkType: hard

"@sapphire/duration@npm:^1.1.0":
  version: 1.1.0
  resolution: "@sapphire/duration@npm:1.1.0"
  checksum: bf145249804560e20621fb593110dc4084a7597f04669695250921ccc7ca2e867a1f0a914c3fdfc9d120ee13689668a104b86861f312ffcce293e9551f4359c9
  languageName: node
  linkType: hard

"@sapphire/framework@npm:^4.4.3":
  version: 4.4.3
  resolution: "@sapphire/framework@npm:4.4.3"
  dependencies:
    "@discordjs/builders": ^1.6.3
    "@sapphire/discord-utilities": ^3.0.3
    "@sapphire/discord.js-utilities": 6.0.7
    "@sapphire/lexure": ^1.1.4
    "@sapphire/pieces": ^3.6.3
    "@sapphire/ratelimits": ^2.4.6
    "@sapphire/result": ^2.6.3
    "@sapphire/stopwatch": ^1.5.0
    "@sapphire/utilities": ^3.11.1
  checksum: a7f9b57e2c0178fc533e57cd74630ce8cf43dccd355a6792a79cebeb71e8c1fd2644aba8325aa99db5a13a3b72bb1e30b034a2aaaa36f4cb66a21608786779bf
  languageName: node
  linkType: hard

"@sapphire/lexure@npm:^1.1.4":
  version: 1.1.4
  resolution: "@sapphire/lexure@npm:1.1.4"
  dependencies:
    "@sapphire/result": ^2.6.3
  checksum: ce5d581d11fff7992fc6e9e790df758e191a109361282dcc2dfcbb5893a9a8f1af186fcc0a89353076643ec540d549db6e696090d2cdd22bdafa0b80cdd650a3
  languageName: node
  linkType: hard

"@sapphire/pieces@npm:^3.6.3":
  version: 3.6.3
  resolution: "@sapphire/pieces@npm:3.6.3"
  dependencies:
    "@discordjs/collection": ^1.5.1
    "@sapphire/utilities": ^3.11.1
    tslib: ^2.5.0
  checksum: cd515b5bdc5f250cfdf6b249e1dc15a41269d9d73a224c15ff3acbc6d311244ed6c517e69c00af1b364316f1e133f43bb920e283eb914fbefaf1e7b61c33a8a1
  languageName: node
  linkType: hard

"@sapphire/plugin-logger@npm:^3.0.4":
  version: 3.0.7
  resolution: "@sapphire/plugin-logger@npm:3.0.7"
  dependencies:
    "@sapphire/timestamp": ^1.0.1
    colorette: ^2.0.20
  checksum: b5939aaf0ffc69695d7aa6c01b8fd8ea426f4c5a55035684761162c68977364a7dd0caf305ca1b4db4c481c35c9e21d2f92d90966756baa13e2cf406057b0933
  languageName: node
  linkType: hard

"@sapphire/ratelimits@npm:^2.4.6":
  version: 2.4.6
  resolution: "@sapphire/ratelimits@npm:2.4.6"
  checksum: cbec157ea8dc660a8dd045f2d57100289c5eb1ecd9e9bac786b9703cbd9dcea1d39b7d1ea1ca03dac9e266285ddf1767f50195dc7bf88a7cbd5bf25fcca3174f
  languageName: node
  linkType: hard

"@sapphire/result@npm:^2.6.3":
  version: 2.6.3
  resolution: "@sapphire/result@npm:2.6.3"
  dependencies:
    tslib: ^2.5.0
  checksum: e210bf401e6811f1a0ad91b8aa090eecfbe912e38ffd9c6dc87dbcb25de09ba535b077101b02bacbe036bdaf83eb969c2227b2babf61eb08ad883e47bc5eeb73
  languageName: node
  linkType: hard

"@sapphire/shapeshift@npm:^3.8.2":
  version: 3.8.2
  resolution: "@sapphire/shapeshift@npm:3.8.2"
  dependencies:
    fast-deep-equal: ^3.1.3
    lodash: ^4.17.21
  checksum: 5b2b26ad13a4c8c4b03a9500541df6c070776cf0a49cb7c752df147f63afc76976bc0d4c6f5977cf2597062b810557d7069e99c8e039bf22bf54d5d88da58de5
  languageName: node
  linkType: hard

"@sapphire/shapeshift@npm:^3.9.3":
  version: 3.9.5
  resolution: "@sapphire/shapeshift@npm:3.9.5"
  dependencies:
    fast-deep-equal: ^3.1.3
    lodash: ^4.17.21
  checksum: 3199bf48cd1588c901f56358690e445af2594e592d8c48b981612ad264d23b5a1abfd4849e87e25c564f3d8995d1c0d217f8700af03aa3f1df81b5af055d241b
  languageName: node
  linkType: hard

"@sapphire/snowflake@npm:3.5.1":
  version: 3.5.1
  resolution: "@sapphire/snowflake@npm:3.5.1"
  checksum: 8fc025020adab1a7a1a5d2cf07704d598cc1977b50e5fcd3a5dd239f00934dc936d3a4d5ae336e71d8bf1d88ec27aa814b34de79e38ff097b7b9ba5a7977a683
  languageName: node
  linkType: hard

"@sapphire/snowflake@npm:^3.5.1":
  version: 3.5.2
  resolution: "@sapphire/snowflake@npm:3.5.2"
  checksum: f88ee6b167abd83868092b71d68ad36599e922948d1b77ba694c1e13afafc46d4b07914d86ad5af6841cb4b95ceaffd940affe56576362a1c7a5d28a4344f3e4
  languageName: node
  linkType: hard

"@sapphire/stopwatch@npm:^1.5.0":
  version: 1.5.0
  resolution: "@sapphire/stopwatch@npm:1.5.0"
  dependencies:
    tslib: ^2.4.0
  checksum: 23c013598d87d2fcc797efe5d2409ae6836b9221d79eacc10b7c2a95f9d694b562b7ad027dc49e9e8125095417199385a15317520fec371bdb8cc7622085e3af
  languageName: node
  linkType: hard

"@sapphire/timestamp@npm:^1.0.1":
  version: 1.0.1
  resolution: "@sapphire/timestamp@npm:1.0.1"
  checksum: 40320946cb8fcbbb610b94019882eb39c900b9af87e4a2d173299efaa062921662d950780c273fd44f4ec9877983d725d28f0b999314f338f3bfc0ab3c45a8cb
  languageName: node
  linkType: hard

"@sapphire/utilities@npm:^3.11.1":
  version: 3.11.2
  resolution: "@sapphire/utilities@npm:3.11.2"
  checksum: af06b3f52156af397a3be564f992bedefd728ea2d44fee8ffdc00242de0454075e722091cc213d4ad2fb4ef5c3b78740bf5e7f75242851d31a56206f51a8f403
  languageName: node
  linkType: hard

"@types/node@npm:*":
  version: 20.1.0
  resolution: "@types/node@npm:20.1.0"
  checksum: c6d9afa9aa78b4b4348c69ece94975be70346b144c278f1395694a10ef919d7db300018101b6f9245e6bdd76674a5327d2d14829092f3d5295e858cff5f22a66
  languageName: node
  linkType: hard

"@types/ws@npm:8.5.9":
  version: 8.5.9
  resolution: "@types/ws@npm:8.5.9"
  dependencies:
    "@types/node": "*"
  checksum: 83f436b731d2cdc49a45ced31a0a65cdd2e39c24d7b882776c26efa190dad6553e266d624c7a7089f36ad3ed471e02e729f3219282c80689b435f665df4a2b0b
  languageName: node
  linkType: hard

"@types/ws@npm:^8.5.9":
  version: 8.5.10
  resolution: "@types/ws@npm:8.5.10"
  dependencies:
    "@types/node": "*"
  checksum: 3ec416ea2be24042ebd677932a462cf16d2080393d8d7d0b1b3f5d6eaa4a7387aaf0eefb99193c0bfd29444857cf2e0c3ac89899e130550dc6c14ada8a46d25e
  languageName: node
  linkType: hard

"@vladfrangu/async_event_emitter@npm:^2.2.2":
  version: 2.2.4
  resolution: "@vladfrangu/async_event_emitter@npm:2.2.4"
  checksum: ff65ebc4d89639adecd249e24e4f6f97b7696404f2a4461160efdff628d91de543e982727c18de62a4edada3f66381b5a3cd1d4f4f33098075d839c1b4f46979
  languageName: node
  linkType: hard

"ansi-regex@npm:^6.0.1":
  version: 6.0.1
  resolution: "ansi-regex@npm:6.0.1"
  checksum: 1ff8b7667cded1de4fa2c9ae283e979fc87036864317da86a2e546725f96406746411d0d85e87a2d12fa5abd715d90006de7fa4fa0477c92321ad3b4c7d4e169
  languageName: node
  linkType: hard

"argparse@npm:^2.0.1":
  version: 2.0.1
  resolution: "argparse@npm:2.0.1"
  checksum: 83644b56493e89a254bae05702abf3a1101b4fa4d0ca31df1c9985275a5a5bd47b3c27b7fa0b71098d41114d8ca000e6ed90cad764b306f8a503665e4d517ced
  languageName: node
  linkType: hard

"base64-js@npm:^1.3.1":
  version: 1.5.1
  resolution: "base64-js@npm:1.5.1"
  checksum: 669632eb3745404c2f822a18fc3a0122d2f9a7a13f7fb8b5823ee19d1d2ff9ee5b52c53367176ea4ad093c332fd5ab4bd0ebae5a8e27917a4105a4cfc86b1005
  languageName: node
  linkType: hard

"bl@npm:^5.0.0":
  version: 5.1.0
  resolution: "bl@npm:5.1.0"
  dependencies:
    buffer: ^6.0.3
    inherits: ^2.0.4
    readable-stream: ^3.4.0
  checksum: a7a438ee0bc540e80b8eb68cc1ad759a9c87df06874a99411d701d01cc0b36f30cd20050512ac3e77090138890960e07bfee724f3ee6619bb39a569f5cc3b1bc
  languageName: node
  linkType: hard

"buffer@npm:^6.0.3":
  version: 6.0.3
  resolution: "buffer@npm:6.0.3"
  dependencies:
    base64-js: ^1.3.1
    ieee754: ^1.2.1
  checksum: 5ad23293d9a731e4318e420025800b42bf0d264004c0286c8cc010af7a270c7a0f6522e84f54b9ad65cbd6db20b8badbfd8d2ebf4f80fa03dab093b89e68c3f9
  languageName: node
  linkType: hard

"chalk@npm:^5.0.0":
  version: 5.2.0
  resolution: "chalk@npm:5.2.0"
  checksum: 03d8060277de6cf2fd567dc25fcf770593eb5bb85f460ce443e49255a30ff1242edd0c90a06a03803b0466ff0687a939b41db1757bec987113e83de89a003caa
  languageName: node
  linkType: hard

"cli-cursor@npm:^4.0.0":
  version: 4.0.0
  resolution: "cli-cursor@npm:4.0.0"
  dependencies:
    restore-cursor: ^4.0.0
  checksum: ab3f3ea2076e2176a1da29f9d64f72ec3efad51c0960898b56c8a17671365c26e67b735920530eaf7328d61f8bd41c27f46b9cf6e4e10fe2fa44b5e8c0e392cc
  languageName: node
  linkType: hard

"cli-spinners@npm:^2.6.1":
  version: 2.9.0
  resolution: "cli-spinners@npm:2.9.0"
  checksum: a9c56e1f44457d4a9f4f535364e729cb8726198efa9e98990cfd9eda9e220dfa4ba12f92808d1be5e29029cdfead781db82dc8549b97b31c907d55f96aa9b0e2
  languageName: node
  linkType: hard

"clone@npm:^1.0.2":
  version: 1.0.4
  resolution: "clone@npm:1.0.4"
  checksum: d06418b7335897209e77bdd430d04f882189582e67bd1f75a04565f3f07f5b3f119a9d670c943b6697d0afb100f03b866b3b8a1f91d4d02d72c4ecf2bb64b5dd
  languageName: node
  linkType: hard

"colorette@npm:*, colorette@npm:^2.0.20":
  version: 2.0.20
  resolution: "colorette@npm:2.0.20"
  checksum: 0c016fea2b91b733eb9f4bcdb580018f52c0bc0979443dad930e5037a968237ac53d9beb98e218d2e9235834f8eebce7f8e080422d6194e957454255bde71d3d
  languageName: node
  linkType: hard

"commander@npm:^10.0.1":
  version: 10.0.1
  resolution: "commander@npm:10.0.1"
  checksum: 436901d64a818295803c1996cd856621a74f30b9f9e28a588e726b2b1670665bccd7c1a77007ebf328729f0139838a88a19265858a0fa7a8728c4656796db948
  languageName: node
  linkType: hard

"cross-spawn@npm:^7.0.3":
  version: 7.0.3
  resolution: "cross-spawn@npm:7.0.3"
  dependencies:
    path-key: ^3.1.0
    shebang-command: ^2.0.0
    which: ^2.0.1
  checksum: 671cc7c7288c3a8406f3c69a3ae2fc85555c04169e9d611def9a675635472614f1c0ed0ef80955d5b6d4e724f6ced67f0ad1bb006c2ea643488fcfef994d7f52
  languageName: node
  linkType: hard

"defaults@npm:^1.0.3":
  version: 1.0.4
  resolution: "defaults@npm:1.0.4"
  dependencies:
    clone: ^1.0.2
  checksum: 3a88b7a587fc076b84e60affad8b85245c01f60f38fc1d259e7ac1d89eb9ce6abb19e27215de46b98568dd5bc48471730b327637e6f20b0f1bc85cf00440c80a
  languageName: node
  linkType: hard

"discord-api-types@npm:0.37.61":
  version: 0.37.61
  resolution: "discord-api-types@npm:0.37.61"
  checksum: fe33d528e31a6de0bab2afb43d0e058957a6da6cfc4d797943fac83aeb8d07543dc0f85cad3c4e6789cbbac0c7ca49dae5ac465224b129c7acb716097fa0b081
  languageName: node
  linkType: hard

"discord-api-types@npm:^0.37.41":
  version: 0.37.41
  resolution: "discord-api-types@npm:0.37.41"
  checksum: e8a2dd28afefe30e20652aa8eac3e15b596e7274740ea54088b3713c2a22f9bc883138d8501fa4defe3c45e895aa87fc580b0ef110a9c9ab8609c67e870948ed
  languageName: node
  linkType: hard

"discord.js@npm:14.14.1":
  version: 14.14.1
  resolution: "discord.js@npm:14.14.1"
  dependencies:
    "@discordjs/builders": ^1.7.0
    "@discordjs/collection": 1.5.3
    "@discordjs/formatters": ^0.3.3
    "@discordjs/rest": ^2.1.0
    "@discordjs/util": ^1.0.2
    "@discordjs/ws": ^1.0.2
    "@sapphire/snowflake": 3.5.1
    "@types/ws": 8.5.9
    discord-api-types: 0.37.61
    fast-deep-equal: 3.1.3
    lodash.snakecase: 4.1.1
    tslib: 2.6.2
    undici: 5.27.2
    ws: 8.14.2
  checksum: 651e61861ae33e6ec3903e72a8bf229caae5dab73f8d409c3673430cafd9c438a0dd59983242bdcff47bab50da39f7a04da5b586c35b396c102e8e87637076e5
  languageName: node
  linkType: hard

"discordjs-template@workspace:.":
  version: 0.0.0-use.local
  resolution: "discordjs-template@workspace:."
  dependencies:
    "@bracketed/typescript-config": latest
    "@sapphire/cli": ^1.6.1
    "@sapphire/decorators": ^6.0.1
    "@sapphire/framework": ^4.4.3
    "@sapphire/plugin-logger": ^3.0.4
    discord.js: 14.14.1
    dotenv: ^16.0.3
    ora: ^6.3.0
    typescript: ^5.0.4
  languageName: unknown
  linkType: soft

"dotenv@npm:^16.0.3":
  version: 16.0.3
  resolution: "dotenv@npm:16.0.3"
  checksum: afcf03f373d7a6d62c7e9afea6328e62851d627a4e73f2e12d0a8deae1cd375892004f3021883f8aec85932cd2834b091f568ced92b4774625b321db83b827f8
  languageName: node
  linkType: hard

"execa@npm:^7.1.1":
  version: 7.1.1
  resolution: "execa@npm:7.1.1"
  dependencies:
    cross-spawn: ^7.0.3
    get-stream: ^6.0.1
    human-signals: ^4.3.0
    is-stream: ^3.0.0
    merge-stream: ^2.0.0
    npm-run-path: ^5.1.0
    onetime: ^6.0.0
    signal-exit: ^3.0.7
    strip-final-newline: ^3.0.0
  checksum: 21fa46fc69314ace4068cf820142bdde5b643a5d89831c2c9349479c1555bff137a291b8e749e7efca36535e4e0a8c772c11008ca2e84d2cbd6ca141a3c8f937
  languageName: node
  linkType: hard

"fast-deep-equal@npm:3.1.3, fast-deep-equal@npm:^3.1.3":
  version: 3.1.3
  resolution: "fast-deep-equal@npm:3.1.3"
  checksum: e21a9d8d84f53493b6aa15efc9cfd53dd5b714a1f23f67fb5dc8f574af80df889b3bce25dc081887c6d25457cce704e636395333abad896ccdec03abaf1f3f9d
  languageName: node
  linkType: hard

"find-up@npm:^5.0.0":
  version: 5.0.0
  resolution: "find-up@npm:5.0.0"
  dependencies:
    locate-path: ^6.0.0
    path-exists: ^4.0.0
  checksum: 07955e357348f34660bde7920783204ff5a26ac2cafcaa28bace494027158a97b9f56faaf2d89a6106211a8174db650dd9f503f9c0d526b1202d5554a00b9095
  languageName: node
  linkType: hard

"get-stream@npm:^6.0.1":
  version: 6.0.1
  resolution: "get-stream@npm:6.0.1"
  checksum: e04ecece32c92eebf5b8c940f51468cd53554dcbb0ea725b2748be583c9523d00128137966afce410b9b051eb2ef16d657cd2b120ca8edafcf5a65e81af63cad
  languageName: node
  linkType: hard

"human-signals@npm:^4.3.0":
  version: 4.3.1
  resolution: "human-signals@npm:4.3.1"
  checksum: 6f12958df3f21b6fdaf02d90896c271df00636a31e2bbea05bddf817a35c66b38a6fdac5863e2df85bd52f34958997f1f50350ff97249e1dff8452865d5235d1
  languageName: node
  linkType: hard

"ieee754@npm:^1.2.1":
  version: 1.2.1
  resolution: "ieee754@npm:1.2.1"
  checksum: 5144c0c9815e54ada181d80a0b810221a253562422e7c6c3a60b1901154184f49326ec239d618c416c1c5945a2e197107aee8d986a3dd836b53dffefd99b5e7e
  languageName: node
  linkType: hard

"inherits@npm:^2.0.3, inherits@npm:^2.0.4":
  version: 2.0.4
  resolution: "inherits@npm:2.0.4"
  checksum: 4a48a733847879d6cf6691860a6b1e3f0f4754176e4d71494c41f3475553768b10f84b5ce1d40fbd0e34e6bfbb864ee35858ad4dd2cf31e02fc4a154b724d7f1
  languageName: node
  linkType: hard

"is-interactive@npm:^2.0.0":
  version: 2.0.0
  resolution: "is-interactive@npm:2.0.0"
  checksum: e8d52ad490bed7ae665032c7675ec07732bbfe25808b0efbc4d5a76b1a1f01c165f332775c63e25e9a03d319ebb6b24f571a9e902669fc1e40b0a60b5be6e26c
  languageName: node
  linkType: hard

"is-stream@npm:^3.0.0":
  version: 3.0.0
  resolution: "is-stream@npm:3.0.0"
  checksum: 172093fe99119ffd07611ab6d1bcccfe8bc4aa80d864b15f43e63e54b7abc71e779acd69afdb854c4e2a67fdc16ae710e370eda40088d1cfc956a50ed82d8f16
  languageName: node
  linkType: hard

"is-unicode-supported@npm:^1.1.0":
  version: 1.3.0
  resolution: "is-unicode-supported@npm:1.3.0"
  checksum: 20a1fc161afafaf49243551a5ac33b6c4cf0bbcce369fcd8f2951fbdd000c30698ce320de3ee6830497310a8f41880f8066d440aa3eb0a853e2aa4836dd89abc
  languageName: node
  linkType: hard

"isexe@npm:^2.0.0":
  version: 2.0.0
  resolution: "isexe@npm:2.0.0"
  checksum: 26bf6c5480dda5161c820c5b5c751ae1e766c587b1f951ea3fcfc973bafb7831ae5b54a31a69bd670220e42e99ec154475025a468eae58ea262f813fdc8d1c62
  languageName: node
  linkType: hard

"js-yaml@npm:^4.1.0":
  version: 4.1.0
  resolution: "js-yaml@npm:4.1.0"
  dependencies:
    argparse: ^2.0.1
  bin:
    js-yaml: bin/js-yaml.js
  checksum: c7830dfd456c3ef2c6e355cc5a92e6700ceafa1d14bba54497b34a99f0376cecbb3e9ac14d3e5849b426d5a5140709a66237a8c991c675431271c4ce5504151a
  languageName: node
  linkType: hard

"kleur@npm:^3.0.3":
  version: 3.0.3
  resolution: "kleur@npm:3.0.3"
  checksum: df82cd1e172f957bae9c536286265a5cdbd5eeca487cb0a3b2a7b41ef959fc61f8e7c0e9aeea9c114ccf2c166b6a8dd45a46fd619c1c569d210ecd2765ad5169
  languageName: node
  linkType: hard

"locate-path@npm:^6.0.0":
  version: 6.0.0
  resolution: "locate-path@npm:6.0.0"
  dependencies:
    p-locate: ^5.0.0
  checksum: 72eb661788a0368c099a184c59d2fee760b3831c9c1c33955e8a19ae4a21b4116e53fa736dc086cdeb9fce9f7cc508f2f92d2d3aae516f133e16a2bb59a39f5a
  languageName: node
  linkType: hard

"lodash.snakecase@npm:4.1.1":
  version: 4.1.1
  resolution: "lodash.snakecase@npm:4.1.1"
  checksum: 1685ed3e83dda6eae5a4dcaee161a51cd210aabb3e1c09c57150e7dd8feda19e4ca0d27d0631eabe8d0f4eaa51e376da64e8c018ae5415417c5890d42feb72a8
  languageName: node
  linkType: hard

"lodash@npm:^4.17.21":
  version: 4.17.21
  resolution: "lodash@npm:4.17.21"
  checksum: eb835a2e51d381e561e508ce932ea50a8e5a68f4ebdd771ea240d3048244a8d13658acbd502cd4829768c56f2e16bdd4340b9ea141297d472517b83868e677f7
  languageName: node
  linkType: hard

"log-symbols@npm:^5.1.0":
  version: 5.1.0
  resolution: "log-symbols@npm:5.1.0"
  dependencies:
    chalk: ^5.0.0
    is-unicode-supported: ^1.1.0
  checksum: 7291b6e7f1b3df6865bdaeb9b59605c832668ac2fa0965c63b1e7dd3700349aec09c1d7d40c368d5041ff58b7f89461a56e4009471921301af7b3609cbff9a29
  languageName: node
  linkType: hard

"magic-bytes.js@npm:^1.5.0":
  version: 1.7.0
  resolution: "magic-bytes.js@npm:1.7.0"
  checksum: c36cc3fa828ff27fc752998593dde7be8083b3608e0acec3b5091221fdea2d43b16c13ed368d5c406a120eb3812bcfe060d0aec5919e711ea780088c5b379050
  languageName: node
  linkType: hard

"merge-stream@npm:^2.0.0":
  version: 2.0.0
  resolution: "merge-stream@npm:2.0.0"
  checksum: 6fa4dcc8d86629705cea944a4b88ef4cb0e07656ebf223fa287443256414283dd25d91c1cd84c77987f2aec5927af1a9db6085757cb43d90eb170ebf4b47f4f4
  languageName: node
  linkType: hard

"mimic-fn@npm:^2.1.0":
  version: 2.1.0
  resolution: "mimic-fn@npm:2.1.0"
  checksum: d2421a3444848ce7f84bd49115ddacff29c15745db73f54041edc906c14b131a38d05298dae3081667627a59b2eb1ca4b436ff2e1b80f69679522410418b478a
  languageName: node
  linkType: hard

"mimic-fn@npm:^4.0.0":
  version: 4.0.0
  resolution: "mimic-fn@npm:4.0.0"
  checksum: 995dcece15ee29aa16e188de6633d43a3db4611bcf93620e7e62109ec41c79c0f34277165b8ce5e361205049766e371851264c21ac64ca35499acb5421c2ba56
  languageName: node
  linkType: hard

"npm-run-path@npm:^5.1.0":
  version: 5.1.0
  resolution: "npm-run-path@npm:5.1.0"
  dependencies:
    path-key: ^4.0.0
  checksum: dc184eb5ec239d6a2b990b43236845332ef12f4e0beaa9701de724aa797fe40b6bbd0157fb7639d24d3ab13f5d5cf22d223a19c6300846b8126f335f788bee66
  languageName: node
  linkType: hard

"onetime@npm:^5.1.0":
  version: 5.1.2
  resolution: "onetime@npm:5.1.2"
  dependencies:
    mimic-fn: ^2.1.0
  checksum: 2478859ef817fc5d4e9c2f9e5728512ddd1dbc9fb7829ad263765bb6d3b91ce699d6e2332eef6b7dff183c2f490bd3349f1666427eaba4469fba0ac38dfd0d34
  languageName: node
  linkType: hard

"onetime@npm:^6.0.0":
  version: 6.0.0
  resolution: "onetime@npm:6.0.0"
  dependencies:
    mimic-fn: ^4.0.0
  checksum: 0846ce78e440841335d4e9182ef69d5762e9f38aa7499b19f42ea1c4cd40f0b4446094c455c713f9adac3f4ae86f613bb5e30c99e52652764d06a89f709b3788
  languageName: node
  linkType: hard

"ora@npm:^6.3.0":
  version: 6.3.1
  resolution: "ora@npm:6.3.1"
  dependencies:
    chalk: ^5.0.0
    cli-cursor: ^4.0.0
    cli-spinners: ^2.6.1
    is-interactive: ^2.0.0
    is-unicode-supported: ^1.1.0
    log-symbols: ^5.1.0
    stdin-discarder: ^0.1.0
    strip-ansi: ^7.0.1
    wcwidth: ^1.0.1
  checksum: 474c0596a35c1be1e836bb836bea8a2d9e37458fc63b020e1435c8fe2030ab224454bfb263618e3ec09fcab2008dd525e9047f4c61548c4ace7b6490a766fc1c
  languageName: node
  linkType: hard

"p-limit@npm:^3.0.2":
  version: 3.1.0
  resolution: "p-limit@npm:3.1.0"
  dependencies:
    yocto-queue: ^0.1.0
  checksum: 7c3690c4dbf62ef625671e20b7bdf1cbc9534e83352a2780f165b0d3ceba21907e77ad63401708145ca4e25bfc51636588d89a8c0aeb715e6c37d1c066430360
  languageName: node
  linkType: hard

"p-locate@npm:^5.0.0":
  version: 5.0.0
  resolution: "p-locate@npm:5.0.0"
  dependencies:
    p-limit: ^3.0.2
  checksum: 1623088f36cf1cbca58e9b61c4e62bf0c60a07af5ae1ca99a720837356b5b6c5ba3eb1b2127e47a06865fee59dd0453cad7cc844cda9d5a62ac1a5a51b7c86d3
  languageName: node
  linkType: hard

"path-exists@npm:^4.0.0":
  version: 4.0.0
  resolution: "path-exists@npm:4.0.0"
  checksum: 505807199dfb7c50737b057dd8d351b82c033029ab94cb10a657609e00c1bc53b951cfdbccab8de04c5584d5eff31128ce6afd3db79281874a5ef2adbba55ed1
  languageName: node
  linkType: hard

"path-key@npm:^3.1.0":
  version: 3.1.1
  resolution: "path-key@npm:3.1.1"
  checksum: 55cd7a9dd4b343412a8386a743f9c746ef196e57c823d90ca3ab917f90ab9f13dd0ded27252ba49dbdfcab2b091d998bc446f6220cd3cea65db407502a740020
  languageName: node
  linkType: hard

"path-key@npm:^4.0.0":
  version: 4.0.0
  resolution: "path-key@npm:4.0.0"
  checksum: 8e6c314ae6d16b83e93032c61020129f6f4484590a777eed709c4a01b50e498822b00f76ceaf94bc64dbd90b327df56ceadce27da3d83393790f1219e07721d7
  languageName: node
  linkType: hard

"prompts@npm:^2.4.2":
  version: 2.4.2
  resolution: "prompts@npm:2.4.2"
  dependencies:
    kleur: ^3.0.3
    sisteransi: ^1.0.5
  checksum: d8fd1fe63820be2412c13bfc5d0a01909acc1f0367e32396962e737cb2fc52d004f3302475d5ce7d18a1e8a79985f93ff04ee03007d091029c3f9104bffc007d
  languageName: node
  linkType: hard

"readable-stream@npm:^3.4.0":
  version: 3.6.2
  resolution: "readable-stream@npm:3.6.2"
  dependencies:
    inherits: ^2.0.3
    string_decoder: ^1.1.1
    util-deprecate: ^1.0.1
  checksum: bdcbe6c22e846b6af075e32cf8f4751c2576238c5043169a1c221c92ee2878458a816a4ea33f4c67623c0b6827c8a400409bfb3cf0bf3381392d0b1dfb52ac8d
  languageName: node
  linkType: hard

"restore-cursor@npm:^4.0.0":
  version: 4.0.0
  resolution: "restore-cursor@npm:4.0.0"
  dependencies:
    onetime: ^5.1.0
    signal-exit: ^3.0.2
  checksum: 5b675c5a59763bf26e604289eab35711525f11388d77f409453904e1e69c0d37ae5889295706b2c81d23bd780165084d040f9b68fffc32cc921519031c4fa4af
  languageName: node
  linkType: hard

"safe-buffer@npm:~5.2.0":
  version: 5.2.1
  resolution: "safe-buffer@npm:5.2.1"
  checksum: b99c4b41fdd67a6aaf280fcd05e9ffb0813654894223afb78a31f14a19ad220bba8aba1cb14eddce1fcfb037155fe6de4e861784eb434f7d11ed58d1e70dd491
  languageName: node
  linkType: hard

"shebang-command@npm:^2.0.0":
  version: 2.0.0
  resolution: "shebang-command@npm:2.0.0"
  dependencies:
    shebang-regex: ^3.0.0
  checksum: 6b52fe87271c12968f6a054e60f6bde5f0f3d2db483a1e5c3e12d657c488a15474121a1d55cd958f6df026a54374ec38a4a963988c213b7570e1d51575cea7fa
  languageName: node
  linkType: hard

"shebang-regex@npm:^3.0.0":
  version: 3.0.0
  resolution: "shebang-regex@npm:3.0.0"
  checksum: 1a2bcae50de99034fcd92ad4212d8e01eedf52c7ec7830eedcf886622804fe36884278f2be8be0ea5fde3fd1c23911643a4e0f726c8685b61871c8908af01222
  languageName: node
  linkType: hard

"signal-exit@npm:^3.0.2, signal-exit@npm:^3.0.7":
  version: 3.0.7
  resolution: "signal-exit@npm:3.0.7"
  checksum: a2f098f247adc367dffc27845853e9959b9e88b01cb301658cfe4194352d8d2bb32e18467c786a7fe15f1d44b233ea35633d076d5e737870b7139949d1ab6318
  languageName: node
  linkType: hard

"sisteransi@npm:^1.0.5":
  version: 1.0.5
  resolution: "sisteransi@npm:1.0.5"
  checksum: aba6438f46d2bfcef94cf112c835ab395172c75f67453fe05c340c770d3c402363018ae1ab4172a1026a90c47eaccf3af7b6ff6fa749a680c2929bd7fa2b37a4
  languageName: node
  linkType: hard

"stdin-discarder@npm:^0.1.0":
  version: 0.1.0
  resolution: "stdin-discarder@npm:0.1.0"
  dependencies:
    bl: ^5.0.0
  checksum: 85131f70ae2830144133b7a6211d56f9ac2603573f4af3d0b66e828af5e13fcdea351f9192f86bb7fed2c64604c8097bf36d50cb77d54e898ce4604c3b7b6b8f
  languageName: node
  linkType: hard

"string_decoder@npm:^1.1.1":
  version: 1.3.0
  resolution: "string_decoder@npm:1.3.0"
  dependencies:
    safe-buffer: ~5.2.0
  checksum: 8417646695a66e73aefc4420eb3b84cc9ffd89572861fe004e6aeb13c7bc00e2f616247505d2dbbef24247c372f70268f594af7126f43548565c68c117bdeb56
  languageName: node
  linkType: hard

"strip-ansi@npm:^7.0.1":
  version: 7.0.1
  resolution: "strip-ansi@npm:7.0.1"
  dependencies:
    ansi-regex: ^6.0.1
  checksum: 257f78fa433520e7f9897722731d78599cb3fce29ff26a20a5e12ba4957463b50a01136f37c43707f4951817a75e90820174853d6ccc240997adc5df8f966039
  languageName: node
  linkType: hard

"strip-final-newline@npm:^3.0.0":
  version: 3.0.0
  resolution: "strip-final-newline@npm:3.0.0"
  checksum: 23ee263adfa2070cd0f23d1ac14e2ed2f000c9b44229aec9c799f1367ec001478469560abefd00c5c99ee6f0b31c137d53ec6029c53e9f32a93804e18c201050
  languageName: node
  linkType: hard

"ts-mixer@npm:^6.0.3":
  version: 6.0.3
  resolution: "ts-mixer@npm:6.0.3"
  checksum: 7fbaba0a413bf817835a6a23d46bccf4192dd4d7345b6bae9d594c88acffac35bf4995ef3cce753090c8abcdf2afd16dba8899365584a1f960ccc2a15bf2e2d6
  languageName: node
  linkType: hard

"tslib@npm:2.6.2, tslib@npm:^2.6.2":
  version: 2.6.2
  resolution: "tslib@npm:2.6.2"
  checksum: 329ea56123005922f39642318e3d1f0f8265d1e7fcb92c633e0809521da75eeaca28d2cf96d7248229deb40e5c19adf408259f4b9640afd20d13aecc1430f3ad
  languageName: node
  linkType: hard

"tslib@npm:^2.4.0, tslib@npm:^2.5.0":
  version: 2.5.0
  resolution: "tslib@npm:2.5.0"
  checksum: ae3ed5f9ce29932d049908ebfdf21b3a003a85653a9a140d614da6b767a93ef94f460e52c3d787f0e4f383546981713f165037dc2274df212ea9f8a4541004e1
  languageName: node
  linkType: hard

"typescript@npm:^5.0.4":
  version: 5.0.4
  resolution: "typescript@npm:5.0.4"
  bin:
    tsc: bin/tsc
    tsserver: bin/tsserver
  checksum: 82b94da3f4604a8946da585f7d6c3025fff8410779e5bde2855ab130d05e4fd08938b9e593b6ebed165bda6ad9292b230984f10952cf82f0a0ca07bbeaa08172
  languageName: node
  linkType: hard

"typescript@patch:typescript@^5.0.4#~builtin<compat/typescript>":
  version: 5.0.4
  resolution: "typescript@patch:typescript@npm%3A5.0.4#~builtin<compat/typescript>::version=5.0.4&hash=b5f058"
  bin:
    tsc: bin/tsc
    tsserver: bin/tsserver
  checksum: d26b6ba97b6d163c55dbdffd9bbb4c211667ebebc743accfeb2c8c0154aace7afd097b51165a72a5bad2cf65a4612259344ff60f8e642362aa1695c760d303ac
  languageName: node
  linkType: hard

"undici@npm:5.27.2":
  version: 5.27.2
  resolution: "undici@npm:5.27.2"
  dependencies:
    "@fastify/busboy": ^2.0.0
  checksum: 22bbdd763798700979986546d70072b67223189353d2a811efa9c6e44476161a0d1781ffe24115221f69a1b344b95d5926bd39a6eb760a2cd8804781cec0c5eb
  languageName: node
  linkType: hard

"util-deprecate@npm:^1.0.1":
  version: 1.0.2
  resolution: "util-deprecate@npm:1.0.2"
  checksum: 474acf1146cb2701fe3b074892217553dfcf9a031280919ba1b8d651a068c9b15d863b7303cb15bd00a862b498e6cf4ad7b4a08fb134edd5a6f7641681cb54a2
  languageName: node
  linkType: hard

"wcwidth@npm:^1.0.1":
  version: 1.0.1
  resolution: "wcwidth@npm:1.0.1"
  dependencies:
    defaults: ^1.0.3
  checksum: 814e9d1ddcc9798f7377ffa448a5a3892232b9275ebb30a41b529607691c0491de47cba426e917a4d08ded3ee7e9ba2f3fe32e62ee3cd9c7d3bafb7754bd553c
  languageName: node
  linkType: hard

"which@npm:^2.0.1":
  version: 2.0.2
  resolution: "which@npm:2.0.2"
  dependencies:
    isexe: ^2.0.0
  bin:
    node-which: ./bin/node-which
  checksum: 1a5c563d3c1b52d5f893c8b61afe11abc3bab4afac492e8da5bde69d550de701cf9806235f20a47b5c8fa8a1d6a9135841de2596535e998027a54589000e66d1
  languageName: node
  linkType: hard

"ws@npm:8.14.2":
  version: 8.14.2
  resolution: "ws@npm:8.14.2"
  peerDependencies:
    bufferutil: ^4.0.1
    utf-8-validate: ">=5.0.2"
  peerDependenciesMeta:
    bufferutil:
      optional: true
    utf-8-validate:
      optional: true
  checksum: 3ca0dad26e8cc6515ff392b622a1467430814c463b3368b0258e33696b1d4bed7510bc7030f7b72838b9fdeb8dbd8839cbf808367d6aae2e1d668ce741d4308b
  languageName: node
  linkType: hard

"ws@npm:^8.14.2":
  version: 8.15.1
  resolution: "ws@npm:8.15.1"
  peerDependencies:
    bufferutil: ^4.0.1
    utf-8-validate: ">=5.0.2"
  peerDependenciesMeta:
    bufferutil:
      optional: true
    utf-8-validate:
      optional: true
  checksum: 8c67365f6e6134278ad635d558bfce466d7ef7543a043baea333aaa430429f0af8a130c0c36e7dd78f918d68167a659ba9b5067330b77c4b279e91533395952b
  languageName: node
  linkType: hard

"yocto-queue@npm:^0.1.0":
  version: 0.1.0
  resolution: "yocto-queue@npm:0.1.0"
  checksum: f77b3d8d00310def622123df93d4ee654fc6a0096182af8bd60679ddcdfb3474c56c6c7190817c84a2785648cdee9d721c0154eb45698c62176c322fb46fc700
  languageName: node
  linkType: hard
