# This file is generated by running "yarn install" inside your project.
# Manual changes might be lost - proceed with caution!

__metadata:
  version: 8
  cacheKey: 10

"@bracketed/typescript-config@npm:^4.4.0":
  version: 4.4.0
  resolution: "@bracketed/typescript-config@npm:4.4.0"
  checksum: 10/460381e7511de52b28bda9e0cd67885bc3cd3f6f4e26dd4ed965877eab01ad1317e9ef3dd56944a49ff1550a9f534ba6dc30c97b6688c754d47f20a0cfe5795a
  languageName: node
  linkType: hard

"@discordjs/builders@npm:^1.10.0":
  version: 1.10.0
  resolution: "@discordjs/builders@npm:1.10.0"
  dependencies:
    "@discordjs/formatters": "npm:^0.6.0"
    "@discordjs/util": "npm:^1.1.1"
    "@sapphire/shapeshift": "npm:^4.0.0"
    discord-api-types: "npm:^0.37.114"
    fast-deep-equal: "npm:^3.1.3"
    ts-mixer: "npm:^6.0.4"
    tslib: "npm:^2.6.3"
  checksum: 10/0f270d1d0f30f8d691fa8981ffb0be970c513d9649ce425f07a4a04be1d279bd4080facc6e75c5421bef15cfcb7eda2e5c0b0e3c1a6243798ed5d706864feabb
  languageName: node
  linkType: hard

"@discordjs/builders@npm:^1.10.1":
  version: 1.10.1
  resolution: "@discordjs/builders@npm:1.10.1"
  dependencies:
    "@discordjs/formatters": "npm:^0.6.0"
    "@discordjs/util": "npm:^1.1.1"
    "@sapphire/shapeshift": "npm:^4.0.0"
    discord-api-types: "npm:^0.37.119"
    fast-deep-equal: "npm:^3.1.3"
    ts-mixer: "npm:^6.0.4"
    tslib: "npm:^2.6.3"
  checksum: 10/9bf0166d1ca203ce129238437b6bb89a59399d142e838e15b17dd43c48276b16d528aa4d817a7c3a8bf0a1a0fe7d65c6b4b316914ce6d0e35ad195e8452446dd
  languageName: node
  linkType: hard

"@discordjs/collection@npm:1.5.3, @discordjs/collection@npm:^1.5.3":
  version: 1.5.3
  resolution: "@discordjs/collection@npm:1.5.3"
  checksum: 10/770d0576612555c848858ead2a6c6242252f51ae3a7a6fdcc4986ceeb330ed8cffb81bcd1819e1ef11cce946cb9e707791926e757985cc2e081e984012c08dad
  languageName: node
  linkType: hard

"@discordjs/collection@npm:^2.1.0, @discordjs/collection@npm:^2.1.1":
  version: 2.1.1
  resolution: "@discordjs/collection@npm:2.1.1"
  checksum: 10/2bf815120929e20bdcc94a7d0a9c0e567ef859b8cc502f5ecddaeae31ba3457711df708ab200ac6e86ffccab31f796192860f8ad609a9ddc2cdd7ffe5825a266
  languageName: node
  linkType: hard

"@discordjs/formatters@npm:^0.6.0":
  version: 0.6.0
  resolution: "@discordjs/formatters@npm:0.6.0"
  dependencies:
    discord-api-types: "npm:^0.37.114"
  checksum: 10/0003f7e580b1bb4d420b38c2eb5fc17a5bb0acaef55930a13c1028c1d15dfe2736ad6eeb6f43cb6e0fb9911d6f634efa26116a5495640ea66c46bc6d042172ea
  languageName: node
  linkType: hard

"@discordjs/rest@npm:^2.4.3":
  version: 2.4.3
  resolution: "@discordjs/rest@npm:2.4.3"
  dependencies:
    "@discordjs/collection": "npm:^2.1.1"
    "@discordjs/util": "npm:^1.1.1"
    "@sapphire/async-queue": "npm:^1.5.3"
    "@sapphire/snowflake": "npm:^3.5.3"
    "@vladfrangu/async_event_emitter": "npm:^2.4.6"
    discord-api-types: "npm:^0.37.119"
    magic-bytes.js: "npm:^1.10.0"
    tslib: "npm:^2.6.3"
    undici: "npm:6.21.1"
  checksum: 10/b26c856ffdf7641629de99bd901d40d70d9d6f6e2593aa49bdc2811714b00c0a9f35483e1d81b3898fdf737dc270df532d2bffc2ac72d54166f74b22c1b92092
  languageName: node
  linkType: hard

"@discordjs/util@npm:^1.1.0, @discordjs/util@npm:^1.1.1":
  version: 1.1.1
  resolution: "@discordjs/util@npm:1.1.1"
  checksum: 10/3c8ae0c47fcf124e13bfef6232cf4564c35da9ac6b95b63888458c6662742e387324cdafa6207d625415553a5d05fc854f106c726a00c8e81c3414fd5e7eaf2c
  languageName: node
  linkType: hard

"@discordjs/ws@npm:^1.2.1":
  version: 1.2.1
  resolution: "@discordjs/ws@npm:1.2.1"
  dependencies:
    "@discordjs/collection": "npm:^2.1.0"
    "@discordjs/rest": "npm:^2.4.3"
    "@discordjs/util": "npm:^1.1.0"
    "@sapphire/async-queue": "npm:^1.5.2"
    "@types/ws": "npm:^8.5.10"
    "@vladfrangu/async_event_emitter": "npm:^2.2.4"
    discord-api-types: "npm:^0.37.119"
    tslib: "npm:^2.6.2"
    ws: "npm:^8.17.0"
  checksum: 10/a9fd6836006fcf93ace5dcf49a3e9cd89ae80b5475ea56a10e97ec046ea04182228afe878be242647802f9b151f08490357fa23ff30760d79f3e704b0b8f29d7
  languageName: node
  linkType: hard

"@favware/colorette-spinner@npm:^1.0.1":
  version: 1.0.1
  resolution: "@favware/colorette-spinner@npm:1.0.1"
  dependencies:
    colorette: "npm:*"
  checksum: 10/2dc46f83c38eadddee622586234fb0c523e461ac123e18156d9563eb06941dcfaddb7caf1b985377daed1e0024fb170e28ed2269e91e737ea56287272c5de921
  languageName: node
  linkType: hard

"@ninjaninja140/discord-ts-template@workspace:.":
  version: 0.0.0-use.local
  resolution: "@ninjaninja140/discord-ts-template@workspace:."
  dependencies:
    "@bracketed/typescript-config": "npm:^4.4.0"
    "@sapphire/cli": "npm:^1.9.3"
    "@sapphire/decorators": "npm:^6.1.1"
    "@sapphire/framework": "npm:^5.3.2"
    "@sapphire/plugin-logger": "npm:^4.0.2"
    discord.js: "npm:14.18.0"
    dotenv: "npm:^16.4.7"
    ora: "npm:^8.2.0"
    typescript: "npm:^5.7.3"
  languageName: unknown
  linkType: soft

"@sapphire/async-queue@npm:^1.5.2, @sapphire/async-queue@npm:^1.5.3":
  version: 1.5.5
  resolution: "@sapphire/async-queue@npm:1.5.5"
  checksum: 10/26e6136de6dde4053e69afe7103fc8d71e9b780100a2b00de7d74eb009263cb6b1d06cf92b75a699c4c05804b7c7bc72190814c3709a60cde291ce29be0e0c36
  languageName: node
  linkType: hard

"@sapphire/cli@npm:^1.9.3":
  version: 1.9.3
  resolution: "@sapphire/cli@npm:1.9.3"
  dependencies:
    "@favware/colorette-spinner": "npm:^1.0.1"
    "@sapphire/node-utilities": "npm:^1.0.2"
    "@sapphire/result": "npm:^2.6.6"
    colorette: "npm:^2.0.20"
    commander: "npm:^11.1.0"
    execa: "npm:^8.0.1"
    find-up: "npm:^5.0.0"
    js-yaml: "npm:^4.1.0"
    prompts: "npm:^2.4.2"
    tslib: "npm:^2.6.2"
  bin:
    sapphire: ./dist/cli.js
  checksum: 10/559b3d75117f0d369daf940407163686499702916426dedb2709333fc381706cebefb5fa3cb9b073bf957a17cf383c305ad0736de7ddf42a26b09cfbee268413
  languageName: node
  linkType: hard

"@sapphire/decorators@npm:^6.1.1":
  version: 6.1.1
  resolution: "@sapphire/decorators@npm:6.1.1"
  dependencies:
    tslib: "npm:^2.8.1"
  checksum: 10/4bcf76b058a030e88f263ac138a7aefcc056f4284f8ab6159912e883a3c03a405fdc94657a3600467fa666c1b71ca6f054011def0400543f6b0245b86cefbbbd
  languageName: node
  linkType: hard

"@sapphire/discord-utilities@npm:^3.4.4":
  version: 3.4.4
  resolution: "@sapphire/discord-utilities@npm:3.4.4"
  dependencies:
    discord-api-types: "npm:^0.37.114"
  checksum: 10/b8eb98c25fb110460822d296adc7a82681860e660d85be4cd618d9426ecd45ccd3746b8f718b9fd3b16248f212e7c92e7bf7a7d5cd943e5c087ec63920884b22
  languageName: node
  linkType: hard

"@sapphire/discord.js-utilities@npm:^7.3.2":
  version: 7.3.2
  resolution: "@sapphire/discord.js-utilities@npm:7.3.2"
  dependencies:
    "@sapphire/discord-utilities": "npm:^3.4.4"
    "@sapphire/duration": "npm:^1.1.4"
    "@sapphire/utilities": "npm:^3.18.1"
    tslib: "npm:^2.8.1"
  checksum: 10/dc051db27d9a63cbc7e4eeb7907596c505fc2d6616a8772f12dede34c9efc1401e1bbae53a6b87a72641a33ad4edf3a1fd6d25c259423510f988a354e1019ed7
  languageName: node
  linkType: hard

"@sapphire/duration@npm:^1.1.4":
  version: 1.1.4
  resolution: "@sapphire/duration@npm:1.1.4"
  checksum: 10/cbc2dff3bcaa56b06347a4dcf4be4417e710e146d22c9034124c2ecb9c8937ee3bf33b7e6b659b7f743304f4843b36ae36d83f62e1439d9fc82bafc0f5958d1c
  languageName: node
  linkType: hard

"@sapphire/framework@npm:^5.3.2":
  version: 5.3.2
  resolution: "@sapphire/framework@npm:5.3.2"
  dependencies:
    "@discordjs/builders": "npm:^1.10.0"
    "@sapphire/discord-utilities": "npm:^3.4.4"
    "@sapphire/discord.js-utilities": "npm:^7.3.2"
    "@sapphire/lexure": "npm:^1.1.10"
    "@sapphire/pieces": "npm:^4.3.1"
    "@sapphire/ratelimits": "npm:^2.4.11"
    "@sapphire/result": "npm:^2.7.2"
    "@sapphire/stopwatch": "npm:^1.5.4"
    "@sapphire/utilities": "npm:^3.18.1"
  checksum: 10/dd331704f53b639db78d0c29ea7ed98abfd4581c3acfd5eb0472e747446e2c70581419d2886795166f98e3a09f99ac32130bf1221ca2c09709f3b82c4a8a14ed
  languageName: node
  linkType: hard

"@sapphire/lexure@npm:^1.1.10":
  version: 1.1.10
  resolution: "@sapphire/lexure@npm:1.1.10"
  dependencies:
    "@sapphire/result": "npm:^2.7.2"
  checksum: 10/59beca329d5ef9c08d128a353726ab0eb7b4465e0df797accd10ef947206541488fe653185c8e53471c8e99dfdf1aa83a413ab8f8fc031c787522ba830a37ecc
  languageName: node
  linkType: hard

"@sapphire/node-utilities@npm:^1.0.2":
  version: 1.0.2
  resolution: "@sapphire/node-utilities@npm:1.0.2"
  checksum: 10/46eb994eabb066fefd8a998e69475ea3fabf93f868bc9eb06eb88c2175d2195ed7842560968e0eb9ae200cebbb9b5e00582876163029887dd9d861f7023caa0e
  languageName: node
  linkType: hard

"@sapphire/pieces@npm:^4.3.1":
  version: 4.3.1
  resolution: "@sapphire/pieces@npm:4.3.1"
  dependencies:
    "@discordjs/collection": "npm:^1.5.3"
    "@sapphire/utilities": "npm:^3.16.2"
    tslib: "npm:^2.6.3"
  checksum: 10/ae3c347e203136ac01c8ae90e1bdb4b89e0b7abd2498993265561db656f32bc973c9d50fd63f78514c6c9b1748ad112a31e5404e290b97591b64866e893f5965
  languageName: node
  linkType: hard

"@sapphire/plugin-logger@npm:^4.0.2":
  version: 4.0.2
  resolution: "@sapphire/plugin-logger@npm:4.0.2"
  dependencies:
    "@sapphire/timestamp": "npm:^1.0.3"
    colorette: "npm:^2.0.20"
  checksum: 10/6e47d545b2505b2e27f6d3699d7694603d6fe80d0aeda3b177de6f8c78c1a9573988e8702064e07ea414b94c3a1be11bd39786470559db544b263457f4da792d
  languageName: node
  linkType: hard

"@sapphire/ratelimits@npm:^2.4.11":
  version: 2.4.11
  resolution: "@sapphire/ratelimits@npm:2.4.11"
  checksum: 10/cd88badd6fabcfe16632374b882cbf1c81b599ff40395175d03d4602d75c7ae97209e638b61cf6919f2806f7d0906f2a5f45722bc1f4fd42bac1e5a42992d436
  languageName: node
  linkType: hard

"@sapphire/result@npm:^2.6.6, @sapphire/result@npm:^2.7.2":
  version: 2.7.2
  resolution: "@sapphire/result@npm:2.7.2"
  checksum: 10/8456a23c1e5fa20f74ba976097dcd5358df0e962aaf89c36aefb656dbe78a8fc93478ae29de88721784b93a4a1b0cbd3780a9cd13c61d842e5e5e3b511bfd59b
  languageName: node
  linkType: hard

"@sapphire/shapeshift@npm:^4.0.0":
  version: 4.0.0
  resolution: "@sapphire/shapeshift@npm:4.0.0"
  dependencies:
    fast-deep-equal: "npm:^3.1.3"
    lodash: "npm:^4.17.21"
  checksum: 10/71437388066ca19a521f94f3066633010a5b3e24d9da1c07664389b9b02635af502b81236af92f24bb4c0f312a93b0f4ac544391afd464c2e98e6f93e2a4ded0
  languageName: node
  linkType: hard

"@sapphire/snowflake@npm:3.5.3":
  version: 3.5.3
  resolution: "@sapphire/snowflake@npm:3.5.3"
  checksum: 10/f306626f76a6e9bdc7de9130c1baf7ddcd8681d7d03b2ab6f2404081f71c94085d4001e8a62ae2c2372b3b54d2d52ec21d43695f2c73fb101caabc2d3bf524aa
  languageName: node
  linkType: hard

"@sapphire/snowflake@npm:^3.5.3":
  version: 3.5.5
  resolution: "@sapphire/snowflake@npm:3.5.5"
  checksum: 10/ccffcf71ebcad6762fd663ec7b6e176c7c3cc3ea03cae5b2eed8cc2a9a3645112b68f8f6da141341e2868dfd8ef833bfe93cdad91ab29b9d68e37ee87e5b1c4c
  languageName: node
  linkType: hard

"@sapphire/stopwatch@npm:^1.5.4":
  version: 1.5.4
  resolution: "@sapphire/stopwatch@npm:1.5.4"
  dependencies:
    tslib: "npm:^2.8.1"
  checksum: 10/17fd84c665340cd19a49b615837225f78fc2b1c6bac7d17680efafd7af475a6744297e8205a60f2392a87c4798231d49e32a1caeb570b73fc5a39346f2b9fcde
  languageName: node
  linkType: hard

"@sapphire/timestamp@npm:^1.0.3":
  version: 1.0.5
  resolution: "@sapphire/timestamp@npm:1.0.5"
  checksum: 10/ebd5216de2e2f63a481359c3f6beb76f6b07f855f07088ec0146d86d270d014a25661d337fa5abb9c4089345fc7f730c5e76cbad7154bce8208002e971d01ea0
  languageName: node
  linkType: hard

"@sapphire/utilities@npm:^3.16.2, @sapphire/utilities@npm:^3.18.1":
  version: 3.18.2
  resolution: "@sapphire/utilities@npm:3.18.2"
  checksum: 10/d7433b4231f56e3b07b93daaad7c43cb129f4a4e01ecf36ac22a6fcb1cedbd9059c124427002839006e3ee16fae7faa29bc48f6d40338873ac5c84dc28757ab8
  languageName: node
  linkType: hard

"@types/node@npm:*":
  version: 20.1.0
  resolution: "@types/node@npm:20.1.0"
  checksum: 10/6140dc92b28adc80318633a1f8112a8b89273b9867258006cb9cf7b00bf94a69949426dd8ddbd420f03a1f57ea090cbd370889ef03eecfb764596c5920130830
  languageName: node
  linkType: hard

"@types/ws@npm:^8.5.10":
  version: 8.5.14
  resolution: "@types/ws@npm:8.5.14"
  dependencies:
    "@types/node": "npm:*"
  checksum: 10/956692dd47d5fe042780f61a6310d47203d07622aa185ef2eee7e849f9e7d1e5c190b0d8db8c3ab204a8829e3603b6c6bcab9024cd11dffdd5ffc0df9fd83f2d
  languageName: node
  linkType: hard

"@vladfrangu/async_event_emitter@npm:^2.2.4, @vladfrangu/async_event_emitter@npm:^2.4.6":
  version: 2.4.6
  resolution: "@vladfrangu/async_event_emitter@npm:2.4.6"
  checksum: 10/6a329441bbd36bb8bdc8c49f18328abf724834597c8cab56b5741f18fa167a010bb841bc9ec3638b6b73c6692b85d0de724612b0a416b523650574576fd1a197
  languageName: node
  linkType: hard

"ansi-regex@npm:^6.0.1":
  version: 6.0.1
  resolution: "ansi-regex@npm:6.0.1"
  checksum: 10/1ff8b7667cded1de4fa2c9ae283e979fc87036864317da86a2e546725f96406746411d0d85e87a2d12fa5abd715d90006de7fa4fa0477c92321ad3b4c7d4e169
  languageName: node
  linkType: hard

"argparse@npm:^2.0.1":
  version: 2.0.1
  resolution: "argparse@npm:2.0.1"
  checksum: 10/18640244e641a417ec75a9bd38b0b2b6b95af5199aa241b131d4b2fb206f334d7ecc600bd194861610a5579084978bfcbb02baa399dbe442d56d0ae5e60dbaef
  languageName: node
  linkType: hard

"chalk@npm:^5.3.0":
  version: 5.4.1
  resolution: "chalk@npm:5.4.1"
  checksum: 10/29df3ffcdf25656fed6e95962e2ef86d14dfe03cd50e7074b06bad9ffbbf6089adbb40f75c00744d843685c8d008adaf3aed31476780312553caf07fa86e5bc7
  languageName: node
  linkType: hard

"cli-cursor@npm:^5.0.0":
  version: 5.0.0
  resolution: "cli-cursor@npm:5.0.0"
  dependencies:
    restore-cursor: "npm:^5.0.0"
  checksum: 10/1eb9a3f878b31addfe8d82c6d915ec2330cec8447ab1f117f4aa34f0137fbb3137ec3466e1c9a65bcb7557f6e486d343f2da57f253a2f668d691372dfa15c090
  languageName: node
  linkType: hard

"cli-spinners@npm:^2.9.2":
  version: 2.9.2
  resolution: "cli-spinners@npm:2.9.2"
  checksum: 10/a0a863f442df35ed7294424f5491fa1756bd8d2e4ff0c8736531d886cec0ece4d85e8663b77a5afaf1d296e3cbbebff92e2e99f52bbea89b667cbe789b994794
  languageName: node
  linkType: hard

"colorette@npm:*, colorette@npm:^2.0.20":
  version: 2.0.20
  resolution: "colorette@npm:2.0.20"
  checksum: 10/0b8de48bfa5d10afc160b8eaa2b9938f34a892530b2f7d7897e0458d9535a066e3998b49da9d21161c78225b272df19ae3a64d6df28b4c9734c0e55bbd02406f
  languageName: node
  linkType: hard

"commander@npm:^11.1.0":
  version: 11.1.0
  resolution: "commander@npm:11.1.0"
  checksum: 10/66bd2d8a0547f6cb1d34022efb25f348e433b0e04ad76a65279b1b09da108f59a4d3001ca539c60a7a46ea38bcf399fc17d91adad76a8cf43845d8dcbaf5cda1
  languageName: node
  linkType: hard

"cross-spawn@npm:^7.0.3":
  version: 7.0.3
  resolution: "cross-spawn@npm:7.0.3"
  dependencies:
    path-key: "npm:^3.1.0"
    shebang-command: "npm:^2.0.0"
    which: "npm:^2.0.1"
  checksum: 10/e1a13869d2f57d974de0d9ef7acbf69dc6937db20b918525a01dacb5032129bd552d290d886d981e99f1b624cb03657084cc87bd40f115c07ecf376821c729ce
  languageName: node
  linkType: hard

"discord-api-types@npm:^0.37.114, discord-api-types@npm:^0.37.119":
  version: 0.37.119
  resolution: "discord-api-types@npm:0.37.119"
  checksum: 10/f477aec65cf9841b98c20642d99fd3030e2688a41fa5ed6b2a92fbbd11ced6c1aa8106c0a62d5e9cb145e882597e8a94d426e03dbc4da9a26da9dae404d10c87
  languageName: node
  linkType: hard

"discord.js@npm:14.18.0":
  version: 14.18.0
  resolution: "discord.js@npm:14.18.0"
  dependencies:
    "@discordjs/builders": "npm:^1.10.1"
    "@discordjs/collection": "npm:1.5.3"
    "@discordjs/formatters": "npm:^0.6.0"
    "@discordjs/rest": "npm:^2.4.3"
    "@discordjs/util": "npm:^1.1.1"
    "@discordjs/ws": "npm:^1.2.1"
    "@sapphire/snowflake": "npm:3.5.3"
    discord-api-types: "npm:^0.37.119"
    fast-deep-equal: "npm:3.1.3"
    lodash.snakecase: "npm:4.1.1"
    tslib: "npm:^2.6.3"
    undici: "npm:6.21.1"
  checksum: 10/b215624a996439c6c527a3980b255501010f4b787a51674ae76ccb3858b3a3cc669bc96608a3b12028a2e65d81a6d1bc6cc8a2dd663c85bc3e35a87a623e89b4
  languageName: node
  linkType: hard

"dotenv@npm:^16.4.7":
  version: 16.4.7
  resolution: "dotenv@npm:16.4.7"
  checksum: 10/f13bfe97db88f0df4ec505eeffb8925ec51f2d56a3d0b6d916964d8b4af494e6fb1633ba5d09089b552e77ab2a25de58d70259b2c5ed45ec148221835fc99a0c
  languageName: node
  linkType: hard

"emoji-regex@npm:^10.3.0":
  version: 10.4.0
  resolution: "emoji-regex@npm:10.4.0"
  checksum: 10/76bb92c5bcf0b6980d37e535156231e4a9d0aa6ab3b9f5eabf7690231d5aa5d5b8e516f36e6804cbdd0f1c23dfef2a60c40ab7bb8aedd890584281a565b97c50
  languageName: node
  linkType: hard

"execa@npm:^8.0.1":
  version: 8.0.1
  resolution: "execa@npm:8.0.1"
  dependencies:
    cross-spawn: "npm:^7.0.3"
    get-stream: "npm:^8.0.1"
    human-signals: "npm:^5.0.0"
    is-stream: "npm:^3.0.0"
    merge-stream: "npm:^2.0.0"
    npm-run-path: "npm:^5.1.0"
    onetime: "npm:^6.0.0"
    signal-exit: "npm:^4.1.0"
    strip-final-newline: "npm:^3.0.0"
  checksum: 10/d2ab5fe1e2bb92b9788864d0713f1fce9a07c4594e272c0c97bc18c90569897ab262e4ea58d27a694d288227a2e24f16f5e2575b44224ad9983b799dc7f1098d
  languageName: node
  linkType: hard

"fast-deep-equal@npm:3.1.3, fast-deep-equal@npm:^3.1.3":
  version: 3.1.3
  resolution: "fast-deep-equal@npm:3.1.3"
  checksum: 10/e21a9d8d84f53493b6aa15efc9cfd53dd5b714a1f23f67fb5dc8f574af80df889b3bce25dc081887c6d25457cce704e636395333abad896ccdec03abaf1f3f9d
  languageName: node
  linkType: hard

"find-up@npm:^5.0.0":
  version: 5.0.0
  resolution: "find-up@npm:5.0.0"
  dependencies:
    locate-path: "npm:^6.0.0"
    path-exists: "npm:^4.0.0"
  checksum: 10/07955e357348f34660bde7920783204ff5a26ac2cafcaa28bace494027158a97b9f56faaf2d89a6106211a8174db650dd9f503f9c0d526b1202d5554a00b9095
  languageName: node
  linkType: hard

"get-east-asian-width@npm:^1.0.0":
  version: 1.3.0
  resolution: "get-east-asian-width@npm:1.3.0"
  checksum: 10/8e8e779eb28701db7fdb1c8cab879e39e6ae23f52dadd89c8aed05869671cee611a65d4f8557b83e981428623247d8bc5d0c7a4ef3ea7a41d826e73600112ad8
  languageName: node
  linkType: hard

"get-stream@npm:^8.0.1":
  version: 8.0.1
  resolution: "get-stream@npm:8.0.1"
  checksum: 10/dde5511e2e65a48e9af80fea64aff11b4921b14b6e874c6f8294c50975095af08f41bfb0b680c887f28b566dd6ec2cb2f960f9d36a323359be324ce98b766e9e
  languageName: node
  linkType: hard

"human-signals@npm:^5.0.0":
  version: 5.0.0
  resolution: "human-signals@npm:5.0.0"
  checksum: 10/30f8870d831cdcd2d6ec0486a7d35d49384996742052cee792854273fa9dd9e7d5db06bb7985d4953e337e10714e994e0302e90dc6848069171b05ec836d65b0
  languageName: node
  linkType: hard

"is-interactive@npm:^2.0.0":
  version: 2.0.0
  resolution: "is-interactive@npm:2.0.0"
  checksum: 10/e8d52ad490bed7ae665032c7675ec07732bbfe25808b0efbc4d5a76b1a1f01c165f332775c63e25e9a03d319ebb6b24f571a9e902669fc1e40b0a60b5be6e26c
  languageName: node
  linkType: hard

"is-stream@npm:^3.0.0":
  version: 3.0.0
  resolution: "is-stream@npm:3.0.0"
  checksum: 10/172093fe99119ffd07611ab6d1bcccfe8bc4aa80d864b15f43e63e54b7abc71e779acd69afdb854c4e2a67fdc16ae710e370eda40088d1cfc956a50ed82d8f16
  languageName: node
  linkType: hard

"is-unicode-supported@npm:^1.3.0":
  version: 1.3.0
  resolution: "is-unicode-supported@npm:1.3.0"
  checksum: 10/20a1fc161afafaf49243551a5ac33b6c4cf0bbcce369fcd8f2951fbdd000c30698ce320de3ee6830497310a8f41880f8066d440aa3eb0a853e2aa4836dd89abc
  languageName: node
  linkType: hard

"is-unicode-supported@npm:^2.0.0":
  version: 2.1.0
  resolution: "is-unicode-supported@npm:2.1.0"
  checksum: 10/f254e3da6b0ab1a57a94f7273a7798dd35d1d45b227759f600d0fa9d5649f9c07fa8d3c8a6360b0e376adf916d151ec24fc9a50c5295c58bae7ca54a76a063f9
  languageName: node
  linkType: hard

"isexe@npm:^2.0.0":
  version: 2.0.0
  resolution: "isexe@npm:2.0.0"
  checksum: 10/7c9f715c03aff08f35e98b1fadae1b9267b38f0615d501824f9743f3aab99ef10e303ce7db3f186763a0b70a19de5791ebfc854ff884d5a8c4d92211f642ec92
  languageName: node
  linkType: hard

"js-yaml@npm:^4.1.0":
  version: 4.1.0
  resolution: "js-yaml@npm:4.1.0"
  dependencies:
    argparse: "npm:^2.0.1"
  bin:
    js-yaml: bin/js-yaml.js
  checksum: 10/c138a34a3fd0d08ebaf71273ad4465569a483b8a639e0b118ff65698d257c2791d3199e3f303631f2cb98213fa7b5f5d6a4621fd0fff819421b990d30d967140
  languageName: node
  linkType: hard

"kleur@npm:^3.0.3":
  version: 3.0.3
  resolution: "kleur@npm:3.0.3"
  checksum: 10/0c0ecaf00a5c6173d25059c7db2113850b5457016dfa1d0e3ef26da4704fbb186b4938d7611246d86f0ddf1bccf26828daa5877b1f232a65e7373d0122a83e7f
  languageName: node
  linkType: hard

"locate-path@npm:^6.0.0":
  version: 6.0.0
  resolution: "locate-path@npm:6.0.0"
  dependencies:
    p-locate: "npm:^5.0.0"
  checksum: 10/72eb661788a0368c099a184c59d2fee760b3831c9c1c33955e8a19ae4a21b4116e53fa736dc086cdeb9fce9f7cc508f2f92d2d3aae516f133e16a2bb59a39f5a
  languageName: node
  linkType: hard

"lodash.snakecase@npm:4.1.1":
  version: 4.1.1
  resolution: "lodash.snakecase@npm:4.1.1"
  checksum: 10/82ed40935d840477ef8fee64f9f263f75989c6cde36b84aae817246d95826228e1b5a7f6093c51de324084f86433634c7af244cb89496633cacfe443071450d0
  languageName: node
  linkType: hard

"lodash@npm:^4.17.21":
  version: 4.17.21
  resolution: "lodash@npm:4.17.21"
  checksum: 10/c08619c038846ea6ac754abd6dd29d2568aa705feb69339e836dfa8d8b09abbb2f859371e86863eda41848221f9af43714491467b5b0299122431e202bb0c532
  languageName: node
  linkType: hard

"log-symbols@npm:^6.0.0":
  version: 6.0.0
  resolution: "log-symbols@npm:6.0.0"
  dependencies:
    chalk: "npm:^5.3.0"
    is-unicode-supported: "npm:^1.3.0"
  checksum: 10/510cdda36700cbcd87a2a691ea08d310a6c6b449084018f7f2ec4f732ca5e51b301ff1327aadd96f53c08318e616276c65f7fe22f2a16704fb0715d788bc3c33
  languageName: node
  linkType: hard

"magic-bytes.js@npm:^1.10.0":
  version: 1.10.0
  resolution: "magic-bytes.js@npm:1.10.0"
  checksum: 10/4b84d54b79914df3e9824ba6aba4eb01ea2555d14c7a4fa45be43ef8be3c286ad3a8dcdb536b328de2d7469dbbd3a21ee4b15d338cadc43eb08c0df249a19e7a
  languageName: node
  linkType: hard

"merge-stream@npm:^2.0.0":
  version: 2.0.0
  resolution: "merge-stream@npm:2.0.0"
  checksum: 10/6fa4dcc8d86629705cea944a4b88ef4cb0e07656ebf223fa287443256414283dd25d91c1cd84c77987f2aec5927af1a9db6085757cb43d90eb170ebf4b47f4f4
  languageName: node
  linkType: hard

"mimic-fn@npm:^4.0.0":
  version: 4.0.0
  resolution: "mimic-fn@npm:4.0.0"
  checksum: 10/995dcece15ee29aa16e188de6633d43a3db4611bcf93620e7e62109ec41c79c0f34277165b8ce5e361205049766e371851264c21ac64ca35499acb5421c2ba56
  languageName: node
  linkType: hard

"mimic-function@npm:^5.0.0":
  version: 5.0.1
  resolution: "mimic-function@npm:5.0.1"
  checksum: 10/eb5893c99e902ccebbc267c6c6b83092966af84682957f79313311edb95e8bb5f39fb048d77132b700474d1c86d90ccc211e99bae0935447a4834eb4c882982c
  languageName: node
  linkType: hard

"npm-run-path@npm:^5.1.0":
  version: 5.1.0
  resolution: "npm-run-path@npm:5.1.0"
  dependencies:
    path-key: "npm:^4.0.0"
  checksum: 10/dc184eb5ec239d6a2b990b43236845332ef12f4e0beaa9701de724aa797fe40b6bbd0157fb7639d24d3ab13f5d5cf22d223a19c6300846b8126f335f788bee66
  languageName: node
  linkType: hard

"onetime@npm:^6.0.0":
  version: 6.0.0
  resolution: "onetime@npm:6.0.0"
  dependencies:
    mimic-fn: "npm:^4.0.0"
  checksum: 10/0846ce78e440841335d4e9182ef69d5762e9f38aa7499b19f42ea1c4cd40f0b4446094c455c713f9adac3f4ae86f613bb5e30c99e52652764d06a89f709b3788
  languageName: node
  linkType: hard

"onetime@npm:^7.0.0":
  version: 7.0.0
  resolution: "onetime@npm:7.0.0"
  dependencies:
    mimic-function: "npm:^5.0.0"
  checksum: 10/eb08d2da9339819e2f9d52cab9caf2557d80e9af8c7d1ae86e1a0fef027d00a88e9f5bd67494d350df360f7c559fbb44e800b32f310fb989c860214eacbb561c
  languageName: node
  linkType: hard

"ora@npm:^8.2.0":
  version: 8.2.0
  resolution: "ora@npm:8.2.0"
  dependencies:
    chalk: "npm:^5.3.0"
    cli-cursor: "npm:^5.0.0"
    cli-spinners: "npm:^2.9.2"
    is-interactive: "npm:^2.0.0"
    is-unicode-supported: "npm:^2.0.0"
    log-symbols: "npm:^6.0.0"
    stdin-discarder: "npm:^0.2.2"
    string-width: "npm:^7.2.0"
    strip-ansi: "npm:^7.1.0"
  checksum: 10/cea932fdcb29549cd7b5af81f427760986429cadc752b1dd4bf31bc6821f5ba137e1ef9a18cde7bdfbe5b4e3d3201e76b048765c51a27b15d18c57ac0e0a909a
  languageName: node
  linkType: hard

"p-limit@npm:^3.0.2":
  version: 3.1.0
  resolution: "p-limit@npm:3.1.0"
  dependencies:
    yocto-queue: "npm:^0.1.0"
  checksum: 10/7c3690c4dbf62ef625671e20b7bdf1cbc9534e83352a2780f165b0d3ceba21907e77ad63401708145ca4e25bfc51636588d89a8c0aeb715e6c37d1c066430360
  languageName: node
  linkType: hard

"p-locate@npm:^5.0.0":
  version: 5.0.0
  resolution: "p-locate@npm:5.0.0"
  dependencies:
    p-limit: "npm:^3.0.2"
  checksum: 10/1623088f36cf1cbca58e9b61c4e62bf0c60a07af5ae1ca99a720837356b5b6c5ba3eb1b2127e47a06865fee59dd0453cad7cc844cda9d5a62ac1a5a51b7c86d3
  languageName: node
  linkType: hard

"path-exists@npm:^4.0.0":
  version: 4.0.0
  resolution: "path-exists@npm:4.0.0"
  checksum: 10/505807199dfb7c50737b057dd8d351b82c033029ab94cb10a657609e00c1bc53b951cfdbccab8de04c5584d5eff31128ce6afd3db79281874a5ef2adbba55ed1
  languageName: node
  linkType: hard

"path-key@npm:^3.1.0":
  version: 3.1.1
  resolution: "path-key@npm:3.1.1"
  checksum: 10/55cd7a9dd4b343412a8386a743f9c746ef196e57c823d90ca3ab917f90ab9f13dd0ded27252ba49dbdfcab2b091d998bc446f6220cd3cea65db407502a740020
  languageName: node
  linkType: hard

"path-key@npm:^4.0.0":
  version: 4.0.0
  resolution: "path-key@npm:4.0.0"
  checksum: 10/8e6c314ae6d16b83e93032c61020129f6f4484590a777eed709c4a01b50e498822b00f76ceaf94bc64dbd90b327df56ceadce27da3d83393790f1219e07721d7
  languageName: node
  linkType: hard

"prompts@npm:^2.4.2":
  version: 2.4.2
  resolution: "prompts@npm:2.4.2"
  dependencies:
    kleur: "npm:^3.0.3"
    sisteransi: "npm:^1.0.5"
  checksum: 10/c52536521a4d21eff4f2f2aa4572446cad227464066365a7167e52ccf8d9839c099f9afec1aba0eed3d5a2514b3e79e0b3e7a1dc326b9acde6b75d27ed74b1a9
  languageName: node
  linkType: hard

"restore-cursor@npm:^5.0.0":
  version: 5.1.0
  resolution: "restore-cursor@npm:5.1.0"
  dependencies:
    onetime: "npm:^7.0.0"
    signal-exit: "npm:^4.1.0"
  checksum: 10/838dd54e458d89cfbc1a923b343c1b0f170a04100b4ce1733e97531842d7b440463967e521216e8ab6c6f8e89df877acc7b7f4c18ec76e99fb9bf5a60d358d2c
  languageName: node
  linkType: hard

"shebang-command@npm:^2.0.0":
  version: 2.0.0
  resolution: "shebang-command@npm:2.0.0"
  dependencies:
    shebang-regex: "npm:^3.0.0"
  checksum: 10/6b52fe87271c12968f6a054e60f6bde5f0f3d2db483a1e5c3e12d657c488a15474121a1d55cd958f6df026a54374ec38a4a963988c213b7570e1d51575cea7fa
  languageName: node
  linkType: hard

"shebang-regex@npm:^3.0.0":
  version: 3.0.0
  resolution: "shebang-regex@npm:3.0.0"
  checksum: 10/1a2bcae50de99034fcd92ad4212d8e01eedf52c7ec7830eedcf886622804fe36884278f2be8be0ea5fde3fd1c23911643a4e0f726c8685b61871c8908af01222
  languageName: node
  linkType: hard

"signal-exit@npm:^4.1.0":
  version: 4.1.0
  resolution: "signal-exit@npm:4.1.0"
  checksum: 10/c9fa63bbbd7431066174a48ba2dd9986dfd930c3a8b59de9c29d7b6854ec1c12a80d15310869ea5166d413b99f041bfa3dd80a7947bcd44ea8e6eb3ffeabfa1f
  languageName: node
  linkType: hard

"sisteransi@npm:^1.0.5":
  version: 1.0.5
  resolution: "sisteransi@npm:1.0.5"
  checksum: 10/aba6438f46d2bfcef94cf112c835ab395172c75f67453fe05c340c770d3c402363018ae1ab4172a1026a90c47eaccf3af7b6ff6fa749a680c2929bd7fa2b37a4
  languageName: node
  linkType: hard

"stdin-discarder@npm:^0.2.2":
  version: 0.2.2
  resolution: "stdin-discarder@npm:0.2.2"
  checksum: 10/642ffd05bd5b100819d6b24a613d83c6e3857c6de74eb02fc51506fa61dc1b0034665163831873868157c4538d71e31762bcf319be86cea04c3aba5336470478
  languageName: node
  linkType: hard

"string-width@npm:^7.2.0":
  version: 7.2.0
  resolution: "string-width@npm:7.2.0"
  dependencies:
    emoji-regex: "npm:^10.3.0"
    get-east-asian-width: "npm:^1.0.0"
    strip-ansi: "npm:^7.1.0"
  checksum: 10/42f9e82f61314904a81393f6ef75b832c39f39761797250de68c041d8ba4df2ef80db49ab6cd3a292923a6f0f409b8c9980d120f7d32c820b4a8a84a2598a295
  languageName: node
  linkType: hard

"strip-ansi@npm:^7.1.0":
  version: 7.1.0
  resolution: "strip-ansi@npm:7.1.0"
  dependencies:
    ansi-regex: "npm:^6.0.1"
  checksum: 10/475f53e9c44375d6e72807284024ac5d668ee1d06010740dec0b9744f2ddf47de8d7151f80e5f6190fc8f384e802fdf9504b76a7e9020c9faee7103623338be2
  languageName: node
  linkType: hard

"strip-final-newline@npm:^3.0.0":
  version: 3.0.0
  resolution: "strip-final-newline@npm:3.0.0"
  checksum: 10/23ee263adfa2070cd0f23d1ac14e2ed2f000c9b44229aec9c799f1367ec001478469560abefd00c5c99ee6f0b31c137d53ec6029c53e9f32a93804e18c201050
  languageName: node
  linkType: hard

"ts-mixer@npm:^6.0.4":
  version: 6.0.4
  resolution: "ts-mixer@npm:6.0.4"
  checksum: 10/f20571a4a4ff7b5e1a2ff659208c1ea9d4180dda932b71d289edc99e25a2948c9048e2e676b930302ac0f8e88279e0da6022823183e67de3906a3f3a8b72ea80
  languageName: node
  linkType: hard

"tslib@npm:^2.6.2":
  version: 2.6.2
  resolution: "tslib@npm:2.6.2"
  checksum: 10/bd26c22d36736513980091a1e356378e8b662ded04204453d353a7f34a4c21ed0afc59b5f90719d4ba756e581a162ecbf93118dc9c6be5acf70aa309188166ca
  languageName: node
  linkType: hard

"tslib@npm:^2.6.3, tslib@npm:^2.8.1":
  version: 2.8.1
  resolution: "tslib@npm:2.8.1"
  checksum: 10/3e2e043d5c2316461cb54e5c7fe02c30ef6dccb3384717ca22ae5c6b5bc95232a6241df19c622d9c73b809bea33b187f6dbc73030963e29950c2141bc32a79f7
  languageName: node
  linkType: hard

"typescript@npm:^5.7.3":
  version: 5.7.3
  resolution: "typescript@npm:5.7.3"
  bin:
    tsc: bin/tsc
    tsserver: bin/tsserver
  checksum: 10/6a7e556de91db3d34dc51cd2600e8e91f4c312acd8e52792f243c7818dfadb27bae677175fad6947f9c81efb6c57eb6b2d0c736f196a6ee2f1f7d57b74fc92fa
  languageName: node
  linkType: hard

"typescript@patch:typescript@npm%3A^5.7.3#optional!builtin<compat/typescript>":
  version: 5.7.3
  resolution: "typescript@patch:typescript@npm%3A5.7.3#optional!builtin<compat/typescript>::version=5.7.3&hash=5786d5"
  bin:
    tsc: bin/tsc
    tsserver: bin/tsserver
  checksum: 10/dc58d777eb4c01973f7fbf1fd808aad49a0efdf545528dab9b07d94fdcb65b8751742804c3057e9619a4627f2d9cc85547fdd49d9f4326992ad0181b49e61d81
  languageName: node
  linkType: hard

"undici@npm:6.21.1":
  version: 6.21.1
  resolution: "undici@npm:6.21.1"
  checksum: 10/eeccc07e9073ae8e755fdc0dc8cdfaa426c01ec6f815425c3ecedba2e5394cea4993962c040dd168951714a82f0d001a13018c3ae3ad4534f0fa97afe425c08d
  languageName: node
  linkType: hard

"which@npm:^2.0.1":
  version: 2.0.2
  resolution: "which@npm:2.0.2"
  dependencies:
    isexe: "npm:^2.0.0"
  bin:
    node-which: ./bin/node-which
  checksum: 10/4782f8a1d6b8fc12c65e968fea49f59752bf6302dc43036c3bf87da718a80710f61a062516e9764c70008b487929a73546125570acea95c5b5dcc8ac3052c70f
  languageName: node
  linkType: hard

"ws@npm:^8.17.0":
  version: 8.18.0
  resolution: "ws@npm:8.18.0"
  peerDependencies:
    bufferutil: ^4.0.1
    utf-8-validate: ">=5.0.2"
  peerDependenciesMeta:
    bufferutil:
      optional: true
    utf-8-validate:
      optional: true
  checksum: 10/70dfe53f23ff4368d46e4c0b1d4ca734db2c4149c6f68bc62cb16fc21f753c47b35fcc6e582f3bdfba0eaeb1c488cddab3c2255755a5c3eecb251431e42b3ff6
  languageName: node
  linkType: hard

"yocto-queue@npm:^0.1.0":
  version: 0.1.0
  resolution: "yocto-queue@npm:0.1.0"
  checksum: 10/f77b3d8d00310def622123df93d4ee654fc6a0096182af8bd60679ddcdfb3474c56c6c7190817c84a2785648cdee9d721c0154eb45698c62176c322fb46fc700
  languageName: node
  linkType: hard
